<?xml version="1.0" encoding="utf-8"?>
<Project ToolsVersion="4.0" xmlns="http://schemas.microsoft.com/developer/msbuild/2003">
  <ItemGroup>
    <Filter Include="Source Files">
      <UniqueIdentifier>{4FC737F1-C7A5-4376-A066-2A32D752A2FF}</UniqueIdentifier>
      <Extensions>cpp;c;cc;cxx;def;odl;idl;hpj;bat;asm;asmx</Extensions>
    </Filter>
    <Filter Include="Header Files">
      <UniqueIdentifier>{93995380-89BD-4b04-88EB-625FBE52EBFB}</UniqueIdentifier>
      <Extensions>h;hpp;hxx;hm;inl;inc;xsd</Extensions>
    </Filter>
    <Filter Include="Resource Files">
      <UniqueIdentifier>{67DA6AB6-F800-4c08-8B7A-83BB121AAD01}</UniqueIdentifier>
      <Extensions>rc;ico;cur;bmp;dlg;rc2;rct;bin;rgs;gif;jpg;jpeg;jpe;resx;tiff;tif;png;wav;mfcribbon-ms</Extensions>
    </Filter>
    <Filter Include="Header Files\Tools">
      <UniqueIdentifier>{887a72f0-ed97-4ea2-8b36-904b09c8d464}</UniqueIdentifier>
    </Filter>
    <Filter Include="Header Files\Modules">
      <UniqueIdentifier>{e294ab32-768c-49ec-94e4-4241c48eaca4}</UniqueIdentifier>
    </Filter>
    <Filter Include="Source Files\Tools">
      <UniqueIdentifier>{46e360ea-a6cb-4b51-9325-8dceb72fe19c}</UniqueIdentifier>
    </Filter>
    <Filter Include="Source Files\Modules">
      <UniqueIdentifier>{0c79e20e-92b1-4c61-bb68-0cd4e0111bfc}</UniqueIdentifier>
    </Filter>
    <Filter Include="Resource Files\Docs">
      <UniqueIdentifier>{577cbd13-265c-488e-928f-d0895cd5247d}</UniqueIdentifier>
    </Filter>
  </ItemGroup>
  <ItemGroup>
    <ClCompile Include="main.cpp">
      <Filter>Source Files</Filter>
    </ClCompile>
    <ClCompile Include="p2App.cpp">
      <Filter>Source Files</Filter>
    </ClCompile>
    <ClCompile Include="p2Input.cpp">
      <Filter>Source Files\Modules</Filter>
    </ClCompile>
    <ClCompile Include="p2Window.cpp">
      <Filter>Source Files\Modules</Filter>
    </ClCompile>
    <ClCompile Include="p2Log.cpp">
      <Filter>Source Files\Tools</Filter>
    </ClCompile>
    <ClCompile Include="p2IniReader.cpp">
      <Filter>Source Files\Tools</Filter>
    </ClCompile>
    <ClCompile Include="p2Timer.cpp">
      <Filter>Source Files\Tools</Filter>
    </ClCompile>
    <ClCompile Include="p2Render.cpp">
      <Filter>Source Files\Modules</Filter>
    </ClCompile>
    <ClCompile Include="p2Textures.cpp">
      <Filter>Source Files\Modules</Filter>
    </ClCompile>
    <ClCompile Include="p2Fonts.cpp">
      <Filter>Source Files\Modules</Filter>
    </ClCompile>
    <ClCompile Include="p2Audio.cpp">
      <Filter>Source Files\Modules</Filter>
    </ClCompile>
  </ItemGroup>
  <ItemGroup>
    <ClInclude Include="p2App.h">
      <Filter>Header Files</Filter>
    </ClInclude>
    <ClInclude Include="p2Module.h">
      <Filter>Header Files</Filter>
    </ClInclude>
    <ClInclude Include="p2Defs.h">
      <Filter>Header Files</Filter>
    </ClInclude>
    <ClInclude Include="p2Log.h">
      <Filter>Header Files\Tools</Filter>
    </ClInclude>
    <ClInclude Include="p2List.h">
      <Filter>Header Files\Tools</Filter>
    </ClInclude>
    <ClInclude Include="p2RefBool.h">
      <Filter>Header Files\Tools</Filter>
    </ClInclude>
    <ClInclude Include="p2Window.h">
      <Filter>Header Files\Modules</Filter>
    </ClInclude>
    <ClInclude Include="p2Input.h">
      <Filter>Header Files\Modules</Filter>
    </ClInclude>
    <ClInclude Include="p2IniReader.h">
      <Filter>Header Files\Tools</Filter>
    </ClInclude>
    <ClInclude Include="p2Timer.h">
      <Filter>Header Files\Tools</Filter>
    </ClInclude>
    <ClInclude Include="p2Render.h">
      <Filter>Header Files\Modules</Filter>
    </ClInclude>
    <ClInclude Include="p2Textures.h">
      <Filter>Header Files\Modules</Filter>
    </ClInclude>
    <ClInclude Include="p2Fonts.h">
      <Filter>Header Files\Modules</Filter>
    </ClInclude>
    <ClInclude Include="p2Audio.h">
      <Filter>Header Files\Modules</Filter>
    </ClInclude>
  </ItemGroup>
  <ItemGroup>
    <None Include="Docs\templates.txt">
      <Filter>Resource Files</Filter>
    </None>
    <None Include="Docs\SDL2\APIByCategory.html">
      <Filter>Resource Files\Docs</Filter>
    </None>
    <None Include="Docs\SDL2\FrontPage.html">
      <Filter>Resource Files\Docs</Filter>
    </None>
    <None Include="Docs\SDL_image_doc.html">
      <Filter>Resource Files\Docs</Filter>
    </None>
    <None Include="..\p2_engine\config.ini">
      <Filter>Resource Files</Filter>
    </None>
  </ItemGroup>
</Project>