<?xml version="1.0" encoding="utf-8"?>
<Project ToolsVersion="4.0" xmlns="http://schemas.microsoft.com/developer/msbuild/2003">
  <ItemGroup>
    <Filter Include="Resource Files">
      <UniqueIdentifier>{67DA6AB6-F800-4c08-8B7A-83BB121AAD01}</UniqueIdentifier>
      <Extensions>rc;ico;cur;bmp;dlg;rc2;rct;bin;rgs;gif;jpg;jpeg;jpe;resx;tiff;tif;png;wav;mfcribbon-ms</Extensions>
    </Filter>
    <Filter Include="Resource Files\Docs">
      <UniqueIdentifier>{577cbd13-265c-488e-928f-d0895cd5247d}</UniqueIdentifier>
    </Filter>
    <Filter Include="Projecte 1 -------------------">
      <UniqueIdentifier>{847bc1d9-2499-4142-bcce-a568bf94b24c}</UniqueIdentifier>
    </Filter>
    <Filter Include="Projecte 1 -------------------\Headers">
      <UniqueIdentifier>{2c3861ba-14e7-490f-a9ff-6b2c747f6263}</UniqueIdentifier>
    </Filter>
    <Filter Include="Projecte 1 -------------------\Headers\Modules">
      <UniqueIdentifier>{e294ab32-768c-49ec-94e4-4241c48eaca4}</UniqueIdentifier>
    </Filter>
    <Filter Include="Projecte 1 -------------------\Headers\Tools">
      <UniqueIdentifier>{887a72f0-ed97-4ea2-8b36-904b09c8d464}</UniqueIdentifier>
    </Filter>
    <Filter Include="Projecte 1 -------------------\Sources">
      <UniqueIdentifier>{864451d5-7bae-407f-b41d-e9a83c81c304}</UniqueIdentifier>
    </Filter>
    <Filter Include="Projecte 1 -------------------\Sources\Modules">
      <UniqueIdentifier>{0c79e20e-92b1-4c61-bb68-0cd4e0111bfc}</UniqueIdentifier>
    </Filter>
    <Filter Include="Projecte 1 -------------------\Sources\Tools">
      <UniqueIdentifier>{4dc833dd-cf89-4f9d-92c0-84580ba10d01}</UniqueIdentifier>
    </Filter>
    <Filter Include="Programacio 2 -----------------">
      <UniqueIdentifier>{5f23a4ed-320c-4bf1-a3cd-221a0d0311b9}</UniqueIdentifier>
    </Filter>
    <Filter Include="Programacio 2 -----------------\Sources">
      <UniqueIdentifier>{d98eeedc-0378-45bd-99b2-6922842ef476}</UniqueIdentifier>
    </Filter>
    <Filter Include="Programacio 2 -----------------\Headers">
      <UniqueIdentifier>{bc92f077-366f-4767-b486-a42f4b922f68}</UniqueIdentifier>
    </Filter>
  </ItemGroup>
  <ItemGroup>
    <ClCompile Include="p2Log.cpp">
      <Filter>Programacio 2 -----------------\Sources</Filter>
    </ClCompile>
    <ClCompile Include="PugiXml\src\pugixml.cpp">
      <Filter>Projecte 1 -------------------\Sources\Tools</Filter>
    </ClCompile>
    <ClCompile Include="j1Audio.cpp">
      <Filter>Projecte 1 -------------------\Sources\Modules</Filter>
    </ClCompile>
    <ClCompile Include="j1Fonts.cpp">
      <Filter>Projecte 1 -------------------\Sources\Modules</Filter>
    </ClCompile>
    <ClCompile Include="j1Input.cpp">
      <Filter>Projecte 1 -------------------\Sources\Modules</Filter>
    </ClCompile>
    <ClCompile Include="j1Map.cpp">
      <Filter>Projecte 1 -------------------\Sources\Modules</Filter>
    </ClCompile>
    <ClCompile Include="j1Render.cpp">
      <Filter>Projecte 1 -------------------\Sources\Modules</Filter>
    </ClCompile>
    <ClCompile Include="j1Textures.cpp">
      <Filter>Projecte 1 -------------------\Sources\Modules</Filter>
    </ClCompile>
    <ClCompile Include="j1Window.cpp">
      <Filter>Projecte 1 -------------------\Sources\Modules</Filter>
    </ClCompile>
    <ClCompile Include="j1Main.cpp">
      <Filter>Projecte 1 -------------------\Sources</Filter>
    </ClCompile>
    <ClCompile Include="j1App.cpp">
      <Filter>Projecte 1 -------------------\Sources</Filter>
    </ClCompile>
    <ClCompile Include="j1IniReader.cpp">
      <Filter>Projecte 1 -------------------\Sources\Tools</Filter>
    </ClCompile>
    <ClCompile Include="j1Timer.cpp">
      <Filter>Projecte 1 -------------------\Sources\Tools</Filter>
    </ClCompile>
  </ItemGroup>
  <ItemGroup>
    <ClInclude Include="p2List.h">
      <Filter>Programacio 2 -----------------\Headers</Filter>
    </ClInclude>
    <ClInclude Include="p2Log.h">
      <Filter>Programacio 2 -----------------\Headers</Filter>
    </ClInclude>
    <ClInclude Include="p2PerfTimer.h">
      <Filter>Programacio 2 -----------------\Headers</Filter>
    </ClInclude>
    <ClInclude Include="p2RefBool.h">
      <Filter>Programacio 2 -----------------\Headers</Filter>
    </ClInclude>
    <ClInclude Include="base64\base64.h">
      <Filter>Projecte 1 -------------------\Headers\Tools</Filter>
    </ClInclude>
    <ClInclude Include="PugiXml\src\pugiconfig.hpp">
      <Filter>Projecte 1 -------------------\Headers\Tools</Filter>
    </ClInclude>
    <ClInclude Include="PugiXml\src\pugixml.hpp">
      <Filter>Projecte 1 -------------------\Headers\Tools</Filter>
    </ClInclude>
    <ClInclude Include="trim.h">
      <Filter>Projecte 1 -------------------\Headers\Tools</Filter>
    </ClInclude>
    <ClInclude Include="j1Audio.h">
      <Filter>Projecte 1 -------------------\Headers\Modules</Filter>
    </ClInclude>
    <ClInclude Include="j1Fonts.h">
      <Filter>Projecte 1 -------------------\Headers\Modules</Filter>
    </ClInclude>
    <ClInclude Include="j1Input.h">
      <Filter>Projecte 1 -------------------\Headers\Modules</Filter>
    </ClInclude>
    <ClInclude Include="j1Map.h">
      <Filter>Projecte 1 -------------------\Headers\Modules</Filter>
    </ClInclude>
    <ClInclude Include="j1Render.h">
      <Filter>Projecte 1 -------------------\Headers\Modules</Filter>
    </ClInclude>
    <ClInclude Include="j1Textures.h">
      <Filter>Projecte 1 -------------------\Headers\Modules</Filter>
    </ClInclude>
    <ClInclude Include="j1Window.h">
      <Filter>Projecte 1 -------------------\Headers\Modules</Filter>
    </ClInclude>
    <ClInclude Include="j1IniReader.h">
      <Filter>Projecte 1 -------------------\Headers\Tools</Filter>
    </ClInclude>
    <ClInclude Include="j1Timer.h">
      <Filter>Projecte 1 -------------------\Headers\Tools</Filter>
    </ClInclude>
    <ClInclude Include="j1App.h">
      <Filter>Projecte 1 -------------------\Headers</Filter>
    </ClInclude>
    <ClInclude Include="j1Module.h">
      <Filter>Projecte 1 -------------------\Headers</Filter>
    </ClInclude>
    <ClInclude Include="p2Assert.h">
      <Filter>Programacio 2 -----------------\Headers</Filter>
    </ClInclude>
    <ClInclude Include="p2Defs.h">
      <Filter>Programacio 2 -----------------\Headers</Filter>
    </ClInclude>
  </ItemGroup>
  <ItemGroup>
    <None Include="Docs\templates.txt">
      <Filter>Resource Files</Filter>
    </None>
    <None Include="Docs\SDL2\APIByCategory.html">
      <Filter>Resource Files\Docs</Filter>
    </None>
    <None Include="Docs\SDL2\FrontPage.html">
      <Filter>Resource Files\Docs</Filter>
    </None>
    <None Include="Docs\SDL_image_doc.html">
      <Filter>Resource Files\Docs</Filter>
    </None>
  </ItemGroup>
</Project>